// !$*UTF8*$!
{
	archiveVersion = 1;
	classes = {
	};
	objectVersion = 46;
	objects = {

/* Begin PBXBuildFile section */
		1DFC96A5189D19009B9B8AE4 /* Pods_ReceptUITests.framework in Frameworks */ = {isa = PBXBuildFile; fileRef = 7B5CB8FA1B3D6CBF7CC95D86 /* Pods_ReceptUITests.framework */; };
		3E4ACDC9BEE5AD320F1611B3 /* Pods_Recept.framework in Frameworks */ = {isa = PBXBuildFile; fileRef = 3C0E12985BC6461CAF09E7D3 /* Pods_Recept.framework */; };
		61501D211E6ED47500A06230 /* StoryboardsEnum.swift in Sources */ = {isa = PBXBuildFile; fileRef = 61501D201E6ED47500A06230 /* StoryboardsEnum.swift */; };
		61501D261E6ED96B00A06230 /* NSObjectExtensions.swift in Sources */ = {isa = PBXBuildFile; fileRef = 61501D231E6ED96B00A06230 /* NSObjectExtensions.swift */; };
		61501D271E6ED96B00A06230 /* UIViewControllerExtension.swift in Sources */ = {isa = PBXBuildFile; fileRef = 61501D241E6ED96B00A06230 /* UIViewControllerExtension.swift */; };
		61501D281E6ED96B00A06230 /* UIViewExtensions.swift in Sources */ = {isa = PBXBuildFile; fileRef = 61501D251E6ED96B00A06230 /* UIViewExtensions.swift */; };
		61501D2F1E6ED9D400A06230 /* BaseCoordinator.swift in Sources */ = {isa = PBXBuildFile; fileRef = 61501D2E1E6ED9D400A06230 /* BaseCoordinator.swift */; };
		61501D331E6ED9FA00A06230 /* BaseView.swift in Sources */ = {isa = PBXBuildFile; fileRef = 61501D301E6ED9FA00A06230 /* BaseView.swift */; };
		61501D341E6ED9FA00A06230 /* Coordinator.swift in Sources */ = {isa = PBXBuildFile; fileRef = 61501D311E6ED9FA00A06230 /* Coordinator.swift */; };
		61501D351E6ED9FA00A06230 /* Presentable.swift in Sources */ = {isa = PBXBuildFile; fileRef = 61501D321E6ED9FA00A06230 /* Presentable.swift */; };
		61501D3A1E6EDA1D00A06230 /* Router.swift in Sources */ = {isa = PBXBuildFile; fileRef = 61501D371E6EDA1D00A06230 /* Router.swift */; };
		61501D3B1E6EDA1D00A06230 /* RouterImp.swift in Sources */ = {isa = PBXBuildFile; fileRef = 61501D381E6EDA1D00A06230 /* RouterImp.swift */; };
		61501D481E6F157500A06230 /* ApplicationCoordinator.swift in Sources */ = {isa = PBXBuildFile; fileRef = 61501D461E6F157500A06230 /* ApplicationCoordinator.swift */; };
		61501D591E6F4FF500A06230 /* StartView.swift in Sources */ = {isa = PBXBuildFile; fileRef = 61501D581E6F4FF500A06230 /* StartView.swift */; };
		61501D5C1E6F7D4B00A06230 /* UserModel.swift in Sources */ = {isa = PBXBuildFile; fileRef = 61501D5B1E6F7D4B00A06230 /* UserModel.swift */; };
		61501D5F1E6FFF2800A06230 /* CoordinatorFactory.swift in Sources */ = {isa = PBXBuildFile; fileRef = 61501D5D1E6FFF2800A06230 /* CoordinatorFactory.swift */; };
		61501D601E6FFF2800A06230 /* CoordinatorFactoryImp.swift in Sources */ = {isa = PBXBuildFile; fileRef = 61501D5E1E6FFF2800A06230 /* CoordinatorFactoryImp.swift */; };
		61501D671E6FFFD100A06230 /* AuthCoordinatorOutput.swift in Sources */ = {isa = PBXBuildFile; fileRef = 61501D651E6FFFD100A06230 /* AuthCoordinatorOutput.swift */; };
		61501D691E6FFFE500A06230 /* LoginView.swift in Sources */ = {isa = PBXBuildFile; fileRef = 61501D681E6FFFE500A06230 /* LoginView.swift */; };
		61501D6B1E6FFFEE00A06230 /* SignUpView.swift in Sources */ = {isa = PBXBuildFile; fileRef = 61501D6A1E6FFFEE00A06230 /* SignUpView.swift */; };
		61501D6D1E70057200A06230 /* ModuleFactoryImp.swift in Sources */ = {isa = PBXBuildFile; fileRef = 61501D6C1E70057200A06230 /* ModuleFactoryImp.swift */; };
		61501D711E70081700A06230 /* LoginController.swift in Sources */ = {isa = PBXBuildFile; fileRef = 61501D6F1E70081700A06230 /* LoginController.swift */; };
		61501D721E70081700A06230 /* SignUpController.swift in Sources */ = {isa = PBXBuildFile; fileRef = 61501D701E70081700A06230 /* SignUpController.swift */; };
		61501D761E70A9FD00A06230 /* Auth.storyboard in Resources */ = {isa = PBXBuildFile; fileRef = 61501D751E70A9FD00A06230 /* Auth.storyboard */; };
		61501D791E70B8B800A06230 /* LoginCoordinator.swift in Sources */ = {isa = PBXBuildFile; fileRef = 61501D781E70B8B800A06230 /* LoginCoordinator.swift */; };
		61501D7C1E70B9B700A06230 /* LoginModuleFactory.swift in Sources */ = {isa = PBXBuildFile; fileRef = 61501D7B1E70B9B700A06230 /* LoginModuleFactory.swift */; };
		61501D7E1E70BC3E00A06230 /* SignUpCoordinator.swift in Sources */ = {isa = PBXBuildFile; fileRef = 61501D7D1E70BC3E00A06230 /* SignUpCoordinator.swift */; };
		61501D801E70BC6600A06230 /* SignUpModuleFactory.swift in Sources */ = {isa = PBXBuildFile; fileRef = 61501D7F1E70BC6600A06230 /* SignUpModuleFactory.swift */; };
		61501D851E70C67100A06230 /* StartModuleFactory.swift in Sources */ = {isa = PBXBuildFile; fileRef = 61501D841E70C67100A06230 /* StartModuleFactory.swift */; };
		61501D871E70C84700A06230 /* StartCoordinator.swift in Sources */ = {isa = PBXBuildFile; fileRef = 61501D861E70C84700A06230 /* StartCoordinator.swift */; };
		61501D891E70D1C000A06230 /* StartCoordinatorOutput.swift in Sources */ = {isa = PBXBuildFile; fileRef = 61501D881E70D1C000A06230 /* StartCoordinatorOutput.swift */; };
		61501D8F1E71FF9400A06230 /* PriceNotMatchCoordinator.swift in Sources */ = {isa = PBXBuildFile; fileRef = 61501D8E1E71FF9400A06230 /* PriceNotMatchCoordinator.swift */; };
		61501D911E71FFA200A06230 /* PriceNotMatchView.swift in Sources */ = {isa = PBXBuildFile; fileRef = 61501D901E71FFA200A06230 /* PriceNotMatchView.swift */; };
		61501D931E71FFC900A06230 /* PriceNotMatchOutput.swift in Sources */ = {isa = PBXBuildFile; fileRef = 61501D921E71FFC900A06230 /* PriceNotMatchOutput.swift */; };
		61501D951E71FFD500A06230 /* PriceNotMatchController.swift in Sources */ = {isa = PBXBuildFile; fileRef = 61501D941E71FFD500A06230 /* PriceNotMatchController.swift */; };
		61501D971E72011600A06230 /* PriceNotMatchModuleFactory.swift in Sources */ = {isa = PBXBuildFile; fileRef = 61501D961E72011500A06230 /* PriceNotMatchModuleFactory.swift */; };
		61F8CDE11E6DFD0D0003A598 /* AppDelegate.swift in Sources */ = {isa = PBXBuildFile; fileRef = 61F8CDE01E6DFD0D0003A598 /* AppDelegate.swift */; };
		61F8CDE31E6DFD0D0003A598 /* StartController.swift in Sources */ = {isa = PBXBuildFile; fileRef = 61F8CDE21E6DFD0D0003A598 /* StartController.swift */; };
		61F8CDE61E6DFD0D0003A598 /* Main.storyboard in Resources */ = {isa = PBXBuildFile; fileRef = 61F8CDE41E6DFD0D0003A598 /* Main.storyboard */; };
		61F8CDE81E6DFD0D0003A598 /* Assets.xcassets in Resources */ = {isa = PBXBuildFile; fileRef = 61F8CDE71E6DFD0D0003A598 /* Assets.xcassets */; };
		61F8CDEB1E6DFD0D0003A598 /* LaunchScreen.storyboard in Resources */ = {isa = PBXBuildFile; fileRef = 61F8CDE91E6DFD0D0003A598 /* LaunchScreen.storyboard */; };
		61F8CDF61E6DFD0D0003A598 /* ReceptTests.swift in Sources */ = {isa = PBXBuildFile; fileRef = 61F8CDF51E6DFD0D0003A598 /* ReceptTests.swift */; };
		61F8CE011E6DFD0D0003A598 /* ReceptUITests.swift in Sources */ = {isa = PBXBuildFile; fileRef = 61F8CE001E6DFD0D0003A598 /* ReceptUITests.swift */; };
		6475406182819E9B8944C392 /* Pods_ReceptTests.framework in Frameworks */ = {isa = PBXBuildFile; fileRef = E2F755876C46032C022BF53C /* Pods_ReceptTests.framework */; };
/* End PBXBuildFile section */

/* Begin PBXContainerItemProxy section */
		61F8CDF21E6DFD0D0003A598 /* PBXContainerItemProxy */ = {
			isa = PBXContainerItemProxy;
			containerPortal = 61F8CDD51E6DFD0C0003A598 /* Project object */;
			proxyType = 1;
			remoteGlobalIDString = 61F8CDDC1E6DFD0D0003A598;
			remoteInfo = Recept;
		};
		61F8CDFD1E6DFD0D0003A598 /* PBXContainerItemProxy */ = {
			isa = PBXContainerItemProxy;
			containerPortal = 61F8CDD51E6DFD0C0003A598 /* Project object */;
			proxyType = 1;
			remoteGlobalIDString = 61F8CDDC1E6DFD0D0003A598;
			remoteInfo = Recept;
		};
/* End PBXContainerItemProxy section */

/* Begin PBXFileReference section */
		3C0E12985BC6461CAF09E7D3 /* Pods_Recept.framework */ = {isa = PBXFileReference; explicitFileType = wrapper.framework; includeInIndex = 0; path = Pods_Recept.framework; sourceTree = BUILT_PRODUCTS_DIR; };
		3E282DC6AE63387F699407DB /* Pods-ReceptUITests.release.xcconfig */ = {isa = PBXFileReference; includeInIndex = 1; lastKnownFileType = text.xcconfig; name = "Pods-ReceptUITests.release.xcconfig"; path = "Pods/Target Support Files/Pods-ReceptUITests/Pods-ReceptUITests.release.xcconfig"; sourceTree = "<group>"; };
		558E1DED908D4AC0180E0442 /* Pods-ReceptTests.debug.xcconfig */ = {isa = PBXFileReference; includeInIndex = 1; lastKnownFileType = text.xcconfig; name = "Pods-ReceptTests.debug.xcconfig"; path = "Pods/Target Support Files/Pods-ReceptTests/Pods-ReceptTests.debug.xcconfig"; sourceTree = "<group>"; };
		61501D201E6ED47500A06230 /* StoryboardsEnum.swift */ = {isa = PBXFileReference; fileEncoding = 4; lastKnownFileType = sourcecode.swift; path = StoryboardsEnum.swift; sourceTree = "<group>"; };
		61501D231E6ED96B00A06230 /* NSObjectExtensions.swift */ = {isa = PBXFileReference; fileEncoding = 4; lastKnownFileType = sourcecode.swift; path = NSObjectExtensions.swift; sourceTree = "<group>"; };
		61501D241E6ED96B00A06230 /* UIViewControllerExtension.swift */ = {isa = PBXFileReference; fileEncoding = 4; lastKnownFileType = sourcecode.swift; path = UIViewControllerExtension.swift; sourceTree = "<group>"; };
		61501D251E6ED96B00A06230 /* UIViewExtensions.swift */ = {isa = PBXFileReference; fileEncoding = 4; lastKnownFileType = sourcecode.swift; path = UIViewExtensions.swift; sourceTree = "<group>"; };
		61501D2E1E6ED9D400A06230 /* BaseCoordinator.swift */ = {isa = PBXFileReference; fileEncoding = 4; lastKnownFileType = sourcecode.swift; path = BaseCoordinator.swift; sourceTree = "<group>"; };
		61501D301E6ED9FA00A06230 /* BaseView.swift */ = {isa = PBXFileReference; fileEncoding = 4; lastKnownFileType = sourcecode.swift; path = BaseView.swift; sourceTree = "<group>"; };
		61501D311E6ED9FA00A06230 /* Coordinator.swift */ = {isa = PBXFileReference; fileEncoding = 4; lastKnownFileType = sourcecode.swift; path = Coordinator.swift; sourceTree = "<group>"; };
		61501D321E6ED9FA00A06230 /* Presentable.swift */ = {isa = PBXFileReference; fileEncoding = 4; lastKnownFileType = sourcecode.swift; path = Presentable.swift; sourceTree = "<group>"; };
		61501D371E6EDA1D00A06230 /* Router.swift */ = {isa = PBXFileReference; fileEncoding = 4; lastKnownFileType = sourcecode.swift; path = Router.swift; sourceTree = "<group>"; };
		61501D381E6EDA1D00A06230 /* RouterImp.swift */ = {isa = PBXFileReference; fileEncoding = 4; lastKnownFileType = sourcecode.swift; path = RouterImp.swift; sourceTree = "<group>"; };
		61501D461E6F157500A06230 /* ApplicationCoordinator.swift */ = {isa = PBXFileReference; fileEncoding = 4; lastKnownFileType = sourcecode.swift; path = ApplicationCoordinator.swift; sourceTree = "<group>"; };
		61501D581E6F4FF500A06230 /* StartView.swift */ = {isa = PBXFileReference; fileEncoding = 4; lastKnownFileType = sourcecode.swift; path = StartView.swift; sourceTree = "<group>"; };
		61501D5B1E6F7D4B00A06230 /* UserModel.swift */ = {isa = PBXFileReference; fileEncoding = 4; lastKnownFileType = sourcecode.swift; path = UserModel.swift; sourceTree = "<group>"; };
		61501D5D1E6FFF2800A06230 /* CoordinatorFactory.swift */ = {isa = PBXFileReference; fileEncoding = 4; lastKnownFileType = sourcecode.swift; path = CoordinatorFactory.swift; sourceTree = "<group>"; };
		61501D5E1E6FFF2800A06230 /* CoordinatorFactoryImp.swift */ = {isa = PBXFileReference; fileEncoding = 4; lastKnownFileType = sourcecode.swift; path = CoordinatorFactoryImp.swift; sourceTree = "<group>"; };
		61501D651E6FFFD100A06230 /* AuthCoordinatorOutput.swift */ = {isa = PBXFileReference; fileEncoding = 4; lastKnownFileType = sourcecode.swift; path = AuthCoordinatorOutput.swift; sourceTree = "<group>"; };
		61501D681E6FFFE500A06230 /* LoginView.swift */ = {isa = PBXFileReference; fileEncoding = 4; lastKnownFileType = sourcecode.swift; path = LoginView.swift; sourceTree = "<group>"; };
		61501D6A1E6FFFEE00A06230 /* SignUpView.swift */ = {isa = PBXFileReference; fileEncoding = 4; lastKnownFileType = sourcecode.swift; path = SignUpView.swift; sourceTree = "<group>"; };
		61501D6C1E70057200A06230 /* ModuleFactoryImp.swift */ = {isa = PBXFileReference; fileEncoding = 4; lastKnownFileType = sourcecode.swift; path = ModuleFactoryImp.swift; sourceTree = "<group>"; };
		61501D6F1E70081700A06230 /* LoginController.swift */ = {isa = PBXFileReference; fileEncoding = 4; lastKnownFileType = sourcecode.swift; path = LoginController.swift; sourceTree = "<group>"; };
		61501D701E70081700A06230 /* SignUpController.swift */ = {isa = PBXFileReference; fileEncoding = 4; lastKnownFileType = sourcecode.swift; path = SignUpController.swift; sourceTree = "<group>"; };
		61501D751E70A9FD00A06230 /* Auth.storyboard */ = {isa = PBXFileReference; fileEncoding = 4; lastKnownFileType = file.storyboard; path = Auth.storyboard; sourceTree = "<group>"; };
		61501D781E70B8B800A06230 /* LoginCoordinator.swift */ = {isa = PBXFileReference; fileEncoding = 4; lastKnownFileType = sourcecode.swift; path = LoginCoordinator.swift; sourceTree = "<group>"; };
		61501D7B1E70B9B700A06230 /* LoginModuleFactory.swift */ = {isa = PBXFileReference; fileEncoding = 4; lastKnownFileType = sourcecode.swift; path = LoginModuleFactory.swift; sourceTree = "<group>"; };
		61501D7D1E70BC3E00A06230 /* SignUpCoordinator.swift */ = {isa = PBXFileReference; fileEncoding = 4; lastKnownFileType = sourcecode.swift; path = SignUpCoordinator.swift; sourceTree = "<group>"; };
		61501D7F1E70BC6600A06230 /* SignUpModuleFactory.swift */ = {isa = PBXFileReference; fileEncoding = 4; lastKnownFileType = sourcecode.swift; path = SignUpModuleFactory.swift; sourceTree = "<group>"; };
		61501D841E70C67100A06230 /* StartModuleFactory.swift */ = {isa = PBXFileReference; fileEncoding = 4; lastKnownFileType = sourcecode.swift; path = StartModuleFactory.swift; sourceTree = "<group>"; };
		61501D861E70C84700A06230 /* StartCoordinator.swift */ = {isa = PBXFileReference; fileEncoding = 4; lastKnownFileType = sourcecode.swift; path = StartCoordinator.swift; sourceTree = "<group>"; };
		61501D881E70D1C000A06230 /* StartCoordinatorOutput.swift */ = {isa = PBXFileReference; fileEncoding = 4; lastKnownFileType = sourcecode.swift; path = StartCoordinatorOutput.swift; sourceTree = "<group>"; };
		61501D8E1E71FF9400A06230 /* PriceNotMatchCoordinator.swift */ = {isa = PBXFileReference; fileEncoding = 4; lastKnownFileType = sourcecode.swift; path = PriceNotMatchCoordinator.swift; sourceTree = "<group>"; };
		61501D901E71FFA200A06230 /* PriceNotMatchView.swift */ = {isa = PBXFileReference; fileEncoding = 4; lastKnownFileType = sourcecode.swift; path = PriceNotMatchView.swift; sourceTree = "<group>"; };
		61501D921E71FFC900A06230 /* PriceNotMatchOutput.swift */ = {isa = PBXFileReference; fileEncoding = 4; lastKnownFileType = sourcecode.swift; path = PriceNotMatchOutput.swift; sourceTree = "<group>"; };
		61501D941E71FFD500A06230 /* PriceNotMatchController.swift */ = {isa = PBXFileReference; fileEncoding = 4; lastKnownFileType = sourcecode.swift; path = PriceNotMatchController.swift; sourceTree = "<group>"; };
		61501D961E72011500A06230 /* PriceNotMatchModuleFactory.swift */ = {isa = PBXFileReference; fileEncoding = 4; lastKnownFileType = sourcecode.swift; path = PriceNotMatchModuleFactory.swift; sourceTree = "<group>"; };
		61F8CDDD1E6DFD0D0003A598 /* Recept.app */ = {isa = PBXFileReference; explicitFileType = wrapper.application; includeInIndex = 0; path = Recept.app; sourceTree = BUILT_PRODUCTS_DIR; };
		61F8CDE01E6DFD0D0003A598 /* AppDelegate.swift */ = {isa = PBXFileReference; lastKnownFileType = sourcecode.swift; name = AppDelegate.swift; path = ../../AppDelegate.swift; sourceTree = "<group>"; };
		61F8CDE21E6DFD0D0003A598 /* StartController.swift */ = {isa = PBXFileReference; lastKnownFileType = sourcecode.swift; name = StartController.swift; path = ../../StartController.swift; sourceTree = "<group>"; };
		61F8CDE51E6DFD0D0003A598 /* Base */ = {isa = PBXFileReference; lastKnownFileType = file.storyboard; name = Base; path = Base.lproj/Main.storyboard; sourceTree = "<group>"; };
		61F8CDE71E6DFD0D0003A598 /* Assets.xcassets */ = {isa = PBXFileReference; lastKnownFileType = folder.assetcatalog; path = Assets.xcassets; sourceTree = "<group>"; };
		61F8CDEA1E6DFD0D0003A598 /* Base */ = {isa = PBXFileReference; lastKnownFileType = file.storyboard; name = Base; path = Base.lproj/LaunchScreen.storyboard; sourceTree = "<group>"; };
		61F8CDEC1E6DFD0D0003A598 /* Info.plist */ = {isa = PBXFileReference; lastKnownFileType = text.plist.xml; path = Info.plist; sourceTree = "<group>"; };
		61F8CDF11E6DFD0D0003A598 /* ReceptTests.xctest */ = {isa = PBXFileReference; explicitFileType = wrapper.cfbundle; includeInIndex = 0; path = ReceptTests.xctest; sourceTree = BUILT_PRODUCTS_DIR; };
		61F8CDF51E6DFD0D0003A598 /* ReceptTests.swift */ = {isa = PBXFileReference; lastKnownFileType = sourcecode.swift; path = ReceptTests.swift; sourceTree = "<group>"; };
		61F8CDF71E6DFD0D0003A598 /* Info.plist */ = {isa = PBXFileReference; lastKnownFileType = text.plist.xml; path = Info.plist; sourceTree = "<group>"; };
		61F8CDFC1E6DFD0D0003A598 /* ReceptUITests.xctest */ = {isa = PBXFileReference; explicitFileType = wrapper.cfbundle; includeInIndex = 0; path = ReceptUITests.xctest; sourceTree = BUILT_PRODUCTS_DIR; };
		61F8CE001E6DFD0D0003A598 /* ReceptUITests.swift */ = {isa = PBXFileReference; lastKnownFileType = sourcecode.swift; path = ReceptUITests.swift; sourceTree = "<group>"; };
		61F8CE021E6DFD0D0003A598 /* Info.plist */ = {isa = PBXFileReference; lastKnownFileType = text.plist.xml; path = Info.plist; sourceTree = "<group>"; };
		77C7855479E83D26BC007662 /* Pods-Recept.release.xcconfig */ = {isa = PBXFileReference; includeInIndex = 1; lastKnownFileType = text.xcconfig; name = "Pods-Recept.release.xcconfig"; path = "Pods/Target Support Files/Pods-Recept/Pods-Recept.release.xcconfig"; sourceTree = "<group>"; };
		7B5CB8FA1B3D6CBF7CC95D86 /* Pods_ReceptUITests.framework */ = {isa = PBXFileReference; explicitFileType = wrapper.framework; includeInIndex = 0; path = Pods_ReceptUITests.framework; sourceTree = BUILT_PRODUCTS_DIR; };
		DDB7832FD70C2C3BF666204F /* Pods-Recept.debug.xcconfig */ = {isa = PBXFileReference; includeInIndex = 1; lastKnownFileType = text.xcconfig; name = "Pods-Recept.debug.xcconfig"; path = "Pods/Target Support Files/Pods-Recept/Pods-Recept.debug.xcconfig"; sourceTree = "<group>"; };
		E2F755876C46032C022BF53C /* Pods_ReceptTests.framework */ = {isa = PBXFileReference; explicitFileType = wrapper.framework; includeInIndex = 0; path = Pods_ReceptTests.framework; sourceTree = BUILT_PRODUCTS_DIR; };
		F0214FEB1EAE754A1CA1762A /* Pods-ReceptUITests.debug.xcconfig */ = {isa = PBXFileReference; includeInIndex = 1; lastKnownFileType = text.xcconfig; name = "Pods-ReceptUITests.debug.xcconfig"; path = "Pods/Target Support Files/Pods-ReceptUITests/Pods-ReceptUITests.debug.xcconfig"; sourceTree = "<group>"; };
		F7864D526EACF4106C0EF393 /* Pods-ReceptTests.release.xcconfig */ = {isa = PBXFileReference; includeInIndex = 1; lastKnownFileType = text.xcconfig; name = "Pods-ReceptTests.release.xcconfig"; path = "Pods/Target Support Files/Pods-ReceptTests/Pods-ReceptTests.release.xcconfig"; sourceTree = "<group>"; };
/* End PBXFileReference section */

/* Begin PBXFrameworksBuildPhase section */
		61F8CDDA1E6DFD0D0003A598 /* Frameworks */ = {
			isa = PBXFrameworksBuildPhase;
			buildActionMask = 2147483647;
			files = (
				3E4ACDC9BEE5AD320F1611B3 /* Pods_Recept.framework in Frameworks */,
			);
			runOnlyForDeploymentPostprocessing = 0;
		};
		61F8CDEE1E6DFD0D0003A598 /* Frameworks */ = {
			isa = PBXFrameworksBuildPhase;
			buildActionMask = 2147483647;
			files = (
				6475406182819E9B8944C392 /* Pods_ReceptTests.framework in Frameworks */,
			);
			runOnlyForDeploymentPostprocessing = 0;
		};
		61F8CDF91E6DFD0D0003A598 /* Frameworks */ = {
			isa = PBXFrameworksBuildPhase;
			buildActionMask = 2147483647;
			files = (
				1DFC96A5189D19009B9B8AE4 /* Pods_ReceptUITests.framework in Frameworks */,
			);
			runOnlyForDeploymentPostprocessing = 0;
		};
/* End PBXFrameworksBuildPhase section */

/* Begin PBXGroup section */
		17262365A64E4270DEEC47D7 /* Pods */ = {
			isa = PBXGroup;
			children = (
				DDB7832FD70C2C3BF666204F /* Pods-Recept.debug.xcconfig */,
				77C7855479E83D26BC007662 /* Pods-Recept.release.xcconfig */,
				558E1DED908D4AC0180E0442 /* Pods-ReceptTests.debug.xcconfig */,
				F7864D526EACF4106C0EF393 /* Pods-ReceptTests.release.xcconfig */,
				F0214FEB1EAE754A1CA1762A /* Pods-ReceptUITests.debug.xcconfig */,
				3E282DC6AE63387F699407DB /* Pods-ReceptUITests.release.xcconfig */,
			);
			name = Pods;
			sourceTree = "<group>";
		};
		61501D0F1E6E177A00A06230 /* Resources */ = {
			isa = PBXGroup;
			children = (
				61F8CDE71E6DFD0D0003A598 /* Assets.xcassets */,
				61F8CDEC1E6DFD0D0003A598 /* Info.plist */,
			);
			path = Resources;
			sourceTree = "<group>";
		};
		61501D1A1E6ED16E00A06230 /* AppCoordinator */ = {
			isa = PBXGroup;
			children = (
				61501D451E6F152A00A06230 /* Application */,
				61501D361E6ED9FE00A06230 /* Presenters */,
				61501D2D1E6ED9C400A06230 /* Protocols */,
				61501D2C1E6ED9B000A06230 /* Model */,
				61501D2B1E6ED9A400A06230 /* Parents */,
				61501D2A1E6ED99500A06230 /* Flows */,
				61501D291E6ED97900A06230 /* Factories */,
				61501D221E6ED94500A06230 /* Extensions */,
			);
			path = AppCoordinator;
			sourceTree = "<group>";
		};
		61501D1D1E6ED2A500A06230 /* Storyboards */ = {
			isa = PBXGroup;
			children = (
				61501D201E6ED47500A06230 /* StoryboardsEnum.swift */,
				61F8CDE41E6DFD0D0003A598 /* Main.storyboard */,
				61501D751E70A9FD00A06230 /* Auth.storyboard */,
				61F8CDE91E6DFD0D0003A598 /* LaunchScreen.storyboard */,
			);
			path = Storyboards;
			sourceTree = "<group>";
		};
		61501D221E6ED94500A06230 /* Extensions */ = {
			isa = PBXGroup;
			children = (
				61501D231E6ED96B00A06230 /* NSObjectExtensions.swift */,
				61501D241E6ED96B00A06230 /* UIViewControllerExtension.swift */,
				61501D251E6ED96B00A06230 /* UIViewExtensions.swift */,
			);
			path = Extensions;
			sourceTree = "<group>";
		};
		61501D291E6ED97900A06230 /* Factories */ = {
			isa = PBXGroup;
			children = (
				61501D811E70BC9500A06230 /* Imp */,
				61501D5D1E6FFF2800A06230 /* CoordinatorFactory.swift */,
				61501D841E70C67100A06230 /* StartModuleFactory.swift */,
				61501D7B1E70B9B700A06230 /* LoginModuleFactory.swift */,
				61501D7F1E70BC6600A06230 /* SignUpModuleFactory.swift */,
				61501D961E72011500A06230 /* PriceNotMatchModuleFactory.swift */,
			);
			path = Factories;
			sourceTree = "<group>";
		};
		61501D2A1E6ED99500A06230 /* Flows */ = {
			isa = PBXGroup;
			children = (
				61501D8D1E71FF5800A06230 /* PriceNotMatch */,
				61501D431E6F13E500A06230 /* StartFlow */,
				61501D631E6FFFC500A06230 /* Auth */,
			);
			path = Flows;
			sourceTree = "<group>";
		};
		61501D2B1E6ED9A400A06230 /* Parents */ = {
			isa = PBXGroup;
			children = (
				61501D2E1E6ED9D400A06230 /* BaseCoordinator.swift */,
			);
			path = Parents;
			sourceTree = "<group>";
		};
		61501D2C1E6ED9B000A06230 /* Model */ = {
			isa = PBXGroup;
			children = (
				61501D5B1E6F7D4B00A06230 /* UserModel.swift */,
			);
			path = Model;
			sourceTree = "<group>";
		};
		61501D2D1E6ED9C400A06230 /* Protocols */ = {
			isa = PBXGroup;
			children = (
				61501D301E6ED9FA00A06230 /* BaseView.swift */,
				61501D311E6ED9FA00A06230 /* Coordinator.swift */,
				61501D321E6ED9FA00A06230 /* Presentable.swift */,
			);
			path = Protocols;
			sourceTree = "<group>";
		};
		61501D361E6ED9FE00A06230 /* Presenters */ = {
			isa = PBXGroup;
			children = (
				61501D371E6EDA1D00A06230 /* Router.swift */,
				61501D381E6EDA1D00A06230 /* RouterImp.swift */,
			);
			path = Presenters;
			sourceTree = "<group>";
		};
		61501D431E6F13E500A06230 /* StartFlow */ = {
			isa = PBXGroup;
			children = (
				61501D861E70C84700A06230 /* StartCoordinator.swift */,
				61F8CDE21E6DFD0D0003A598 /* StartController.swift */,
				61501D581E6F4FF500A06230 /* StartView.swift */,
				61501D881E70D1C000A06230 /* StartCoordinatorOutput.swift */,
			);
			name = StartFlow;
			sourceTree = "<group>";
		};
		61501D451E6F152A00A06230 /* Application */ = {
			isa = PBXGroup;
			children = (
				61F8CDE01E6DFD0D0003A598 /* AppDelegate.swift */,
				61501D461E6F157500A06230 /* ApplicationCoordinator.swift */,
			);
			path = Application;
			sourceTree = "<group>";
		};
		61501D631E6FFFC500A06230 /* Auth */ = {
			isa = PBXGroup;
			children = (
				61501D651E6FFFD100A06230 /* AuthCoordinatorOutput.swift */,
				61501D7A1E70B8F300A06230 /* LoginFlow */,
				61501D771E70B7AC00A06230 /* SignUpFlow */,
			);
			name = Auth;
			sourceTree = "<group>";
		};
		61501D771E70B7AC00A06230 /* SignUpFlow */ = {
			isa = PBXGroup;
			children = (
				61501D7D1E70BC3E00A06230 /* SignUpCoordinator.swift */,
				61501D701E70081700A06230 /* SignUpController.swift */,
				61501D6A1E6FFFEE00A06230 /* SignUpView.swift */,
			);
			name = SignUpFlow;
			sourceTree = "<group>";
		};
		61501D7A1E70B8F300A06230 /* LoginFlow */ = {
			isa = PBXGroup;
			children = (
				61501D781E70B8B800A06230 /* LoginCoordinator.swift */,
				61501D6F1E70081700A06230 /* LoginController.swift */,
				61501D681E6FFFE500A06230 /* LoginView.swift */,
			);
			name = LoginFlow;
			sourceTree = "<group>";
		};
		61501D811E70BC9500A06230 /* Imp */ = {
			isa = PBXGroup;
			children = (
				61501D5E1E6FFF2800A06230 /* CoordinatorFactoryImp.swift */,
				61501D6C1E70057200A06230 /* ModuleFactoryImp.swift */,
			);
			name = Imp;
			sourceTree = "<group>";
		};
		61501D8D1E71FF5800A06230 /* PriceNotMatch */ = {
			isa = PBXGroup;
			children = (
				61501D8E1E71FF9400A06230 /* PriceNotMatchCoordinator.swift */,
				61501D941E71FFD500A06230 /* PriceNotMatchController.swift */,
				61501D901E71FFA200A06230 /* PriceNotMatchView.swift */,
				61501D921E71FFC900A06230 /* PriceNotMatchOutput.swift */,
			);
			name = PriceNotMatch;
			sourceTree = "<group>";
		};
		61F8CDD41E6DFD0C0003A598 = {
			isa = PBXGroup;
			children = (
				61F8CDDF1E6DFD0D0003A598 /* Recept */,
				61F8CDF41E6DFD0D0003A598 /* ReceptTests */,
				61F8CDFF1E6DFD0D0003A598 /* ReceptUITests */,
				C93F109160F8169CFF6BB5B6 /* Frameworks */,
				61F8CDDE1E6DFD0D0003A598 /* Products */,
				17262365A64E4270DEEC47D7 /* Pods */,
			);
			sourceTree = "<group>";
		};
		61F8CDDE1E6DFD0D0003A598 /* Products */ = {
			isa = PBXGroup;
			children = (
				61F8CDDD1E6DFD0D0003A598 /* Recept.app */,
				61F8CDF11E6DFD0D0003A598 /* ReceptTests.xctest */,
				61F8CDFC1E6DFD0D0003A598 /* ReceptUITests.xctest */,
			);
			name = Products;
			sourceTree = "<group>";
		};
		61F8CDDF1E6DFD0D0003A598 /* Recept */ = {
			isa = PBXGroup;
			children = (
				61501D1A1E6ED16E00A06230 /* AppCoordinator */,
				61501D1D1E6ED2A500A06230 /* Storyboards */,
				61501D0F1E6E177A00A06230 /* Resources */,
			);
			path = Recept;
			sourceTree = "<group>";
		};
		61F8CDF41E6DFD0D0003A598 /* ReceptTests */ = {
			isa = PBXGroup;
			children = (
				61F8CDF51E6DFD0D0003A598 /* ReceptTests.swift */,
				61F8CDF71E6DFD0D0003A598 /* Info.plist */,
			);
			path = ReceptTests;
			sourceTree = "<group>";
		};
		61F8CDFF1E6DFD0D0003A598 /* ReceptUITests */ = {
			isa = PBXGroup;
			children = (
				61F8CE001E6DFD0D0003A598 /* ReceptUITests.swift */,
				61F8CE021E6DFD0D0003A598 /* Info.plist */,
			);
			path = ReceptUITests;
			sourceTree = "<group>";
		};
		C93F109160F8169CFF6BB5B6 /* Frameworks */ = {
			isa = PBXGroup;
			children = (
				3C0E12985BC6461CAF09E7D3 /* Pods_Recept.framework */,
				E2F755876C46032C022BF53C /* Pods_ReceptTests.framework */,
				7B5CB8FA1B3D6CBF7CC95D86 /* Pods_ReceptUITests.framework */,
			);
			name = Frameworks;
			sourceTree = "<group>";
		};
/* End PBXGroup section */

/* Begin PBXNativeTarget section */
		61F8CDDC1E6DFD0D0003A598 /* Recept */ = {
			isa = PBXNativeTarget;
			buildConfigurationList = 61F8CE051E6DFD0D0003A598 /* Build configuration list for PBXNativeTarget "Recept" */;
			buildPhases = (
				B4D3A90AFC7A01B07FECE9EC /* [CP] Check Pods Manifest.lock */,
				61F8CDD91E6DFD0D0003A598 /* Sources */,
				61F8CDDA1E6DFD0D0003A598 /* Frameworks */,
				61F8CDDB1E6DFD0D0003A598 /* Resources */,
				90BED2FA89F5419E32D4F055 /* [CP] Embed Pods Frameworks */,
				C9B9693515136E3863FFB836 /* [CP] Copy Pods Resources */,
			);
			buildRules = (
			);
			dependencies = (
			);
			name = Recept;
			productName = Recept;
			productReference = 61F8CDDD1E6DFD0D0003A598 /* Recept.app */;
			productType = "com.apple.product-type.application";
		};
		61F8CDF01E6DFD0D0003A598 /* ReceptTests */ = {
			isa = PBXNativeTarget;
			buildConfigurationList = 61F8CE081E6DFD0D0003A598 /* Build configuration list for PBXNativeTarget "ReceptTests" */;
			buildPhases = (
				4E58ADEEED730F2109BD224E /* [CP] Check Pods Manifest.lock */,
				61F8CDED1E6DFD0D0003A598 /* Sources */,
				61F8CDEE1E6DFD0D0003A598 /* Frameworks */,
				61F8CDEF1E6DFD0D0003A598 /* Resources */,
				A46962053A407A52261E69EA /* [CP] Embed Pods Frameworks */,
				D5BAAEFE6DCD3B89BD7487B5 /* [CP] Copy Pods Resources */,
			);
			buildRules = (
			);
			dependencies = (
				61F8CDF31E6DFD0D0003A598 /* PBXTargetDependency */,
			);
			name = ReceptTests;
			productName = ReceptTests;
			productReference = 61F8CDF11E6DFD0D0003A598 /* ReceptTests.xctest */;
			productType = "com.apple.product-type.bundle.unit-test";
		};
		61F8CDFB1E6DFD0D0003A598 /* ReceptUITests */ = {
			isa = PBXNativeTarget;
			buildConfigurationList = 61F8CE0B1E6DFD0D0003A598 /* Build configuration list for PBXNativeTarget "ReceptUITests" */;
			buildPhases = (
				19DBDF503043450EFEE8C3F4 /* [CP] Check Pods Manifest.lock */,
				61F8CDF81E6DFD0D0003A598 /* Sources */,
				61F8CDF91E6DFD0D0003A598 /* Frameworks */,
				61F8CDFA1E6DFD0D0003A598 /* Resources */,
				FA3F35F590E33DBB60189E8F /* [CP] Embed Pods Frameworks */,
				301C2BB7EAB7D284BCC59B50 /* [CP] Copy Pods Resources */,
			);
			buildRules = (
			);
			dependencies = (
				61F8CDFE1E6DFD0D0003A598 /* PBXTargetDependency */,
			);
			name = ReceptUITests;
			productName = ReceptUITests;
			productReference = 61F8CDFC1E6DFD0D0003A598 /* ReceptUITests.xctest */;
			productType = "com.apple.product-type.bundle.ui-testing";
		};
/* End PBXNativeTarget section */

/* Begin PBXProject section */
		61F8CDD51E6DFD0C0003A598 /* Project object */ = {
			isa = PBXProject;
			attributes = {
				LastSwiftUpdateCheck = 0820;
				LastUpgradeCheck = 0820;
				ORGANIZATIONNAME = olbu;
				TargetAttributes = {
					61F8CDDC1E6DFD0D0003A598 = {
						CreatedOnToolsVersion = 8.2.1;
						ProvisioningStyle = Automatic;
					};
					61F8CDF01E6DFD0D0003A598 = {
						CreatedOnToolsVersion = 8.2.1;
						ProvisioningStyle = Automatic;
						TestTargetID = 61F8CDDC1E6DFD0D0003A598;
					};
					61F8CDFB1E6DFD0D0003A598 = {
						CreatedOnToolsVersion = 8.2.1;
						ProvisioningStyle = Automatic;
						TestTargetID = 61F8CDDC1E6DFD0D0003A598;
					};
				};
			};
			buildConfigurationList = 61F8CDD81E6DFD0C0003A598 /* Build configuration list for PBXProject "Recept" */;
			compatibilityVersion = "Xcode 3.2";
			developmentRegion = English;
			hasScannedForEncodings = 0;
			knownRegions = (
				en,
				Base,
			);
			mainGroup = 61F8CDD41E6DFD0C0003A598;
			productRefGroup = 61F8CDDE1E6DFD0D0003A598 /* Products */;
			projectDirPath = "";
			projectRoot = "";
			targets = (
				61F8CDDC1E6DFD0D0003A598 /* Recept */,
				61F8CDF01E6DFD0D0003A598 /* ReceptTests */,
				61F8CDFB1E6DFD0D0003A598 /* ReceptUITests */,
			);
		};
/* End PBXProject section */

/* Begin PBXResourcesBuildPhase section */
		61F8CDDB1E6DFD0D0003A598 /* Resources */ = {
			isa = PBXResourcesBuildPhase;
			buildActionMask = 2147483647;
			files = (
				61501D761E70A9FD00A06230 /* Auth.storyboard in Resources */,
				61F8CDEB1E6DFD0D0003A598 /* LaunchScreen.storyboard in Resources */,
				61F8CDE81E6DFD0D0003A598 /* Assets.xcassets in Resources */,
				61F8CDE61E6DFD0D0003A598 /* Main.storyboard in Resources */,
			);
			runOnlyForDeploymentPostprocessing = 0;
		};
		61F8CDEF1E6DFD0D0003A598 /* Resources */ = {
			isa = PBXResourcesBuildPhase;
			buildActionMask = 2147483647;
			files = (
			);
			runOnlyForDeploymentPostprocessing = 0;
		};
		61F8CDFA1E6DFD0D0003A598 /* Resources */ = {
			isa = PBXResourcesBuildPhase;
			buildActionMask = 2147483647;
			files = (
			);
			runOnlyForDeploymentPostprocessing = 0;
		};
/* End PBXResourcesBuildPhase section */

/* Begin PBXShellScriptBuildPhase section */
		19DBDF503043450EFEE8C3F4 /* [CP] Check Pods Manifest.lock */ = {
			isa = PBXShellScriptBuildPhase;
			buildActionMask = 2147483647;
			files = (
			);
			inputPaths = (
			);
			name = "[CP] Check Pods Manifest.lock";
			outputPaths = (
			);
			runOnlyForDeploymentPostprocessing = 0;
			shellPath = /bin/sh;
			shellScript = "diff \"${PODS_ROOT}/../Podfile.lock\" \"${PODS_ROOT}/Manifest.lock\" > /dev/null\nif [ $? != 0 ] ; then\n    # print error to STDERR\n    echo \"error: The sandbox is not in sync with the Podfile.lock. Run 'pod install' or update your CocoaPods installation.\" >&2\n    exit 1\nfi\n";
			showEnvVarsInLog = 0;
		};
		301C2BB7EAB7D284BCC59B50 /* [CP] Copy Pods Resources */ = {
			isa = PBXShellScriptBuildPhase;
			buildActionMask = 2147483647;
			files = (
			);
			inputPaths = (
			);
			name = "[CP] Copy Pods Resources";
			outputPaths = (
			);
			runOnlyForDeploymentPostprocessing = 0;
			shellPath = /bin/sh;
			shellScript = "\"${SRCROOT}/Pods/Target Support Files/Pods-ReceptUITests/Pods-ReceptUITests-resources.sh\"\n";
			showEnvVarsInLog = 0;
		};
		4E58ADEEED730F2109BD224E /* [CP] Check Pods Manifest.lock */ = {
			isa = PBXShellScriptBuildPhase;
			buildActionMask = 2147483647;
			files = (
			);
			inputPaths = (
			);
			name = "[CP] Check Pods Manifest.lock";
			outputPaths = (
			);
			runOnlyForDeploymentPostprocessing = 0;
			shellPath = /bin/sh;
			shellScript = "diff \"${PODS_ROOT}/../Podfile.lock\" \"${PODS_ROOT}/Manifest.lock\" > /dev/null\nif [ $? != 0 ] ; then\n    # print error to STDERR\n    echo \"error: The sandbox is not in sync with the Podfile.lock. Run 'pod install' or update your CocoaPods installation.\" >&2\n    exit 1\nfi\n";
			showEnvVarsInLog = 0;
		};
		90BED2FA89F5419E32D4F055 /* [CP] Embed Pods Frameworks */ = {
			isa = PBXShellScriptBuildPhase;
			buildActionMask = 2147483647;
			files = (
			);
			inputPaths = (
			);
			name = "[CP] Embed Pods Frameworks";
			outputPaths = (
			);
			runOnlyForDeploymentPostprocessing = 0;
			shellPath = /bin/sh;
			shellScript = "\"${SRCROOT}/Pods/Target Support Files/Pods-Recept/Pods-Recept-frameworks.sh\"\n";
			showEnvVarsInLog = 0;
		};
		A46962053A407A52261E69EA /* [CP] Embed Pods Frameworks */ = {
			isa = PBXShellScriptBuildPhase;
			buildActionMask = 2147483647;
			files = (
			);
			inputPaths = (
			);
			name = "[CP] Embed Pods Frameworks";
			outputPaths = (
			);
			runOnlyForDeploymentPostprocessing = 0;
			shellPath = /bin/sh;
			shellScript = "\"${SRCROOT}/Pods/Target Support Files/Pods-ReceptTests/Pods-ReceptTests-frameworks.sh\"\n";
			showEnvVarsInLog = 0;
		};
		B4D3A90AFC7A01B07FECE9EC /* [CP] Check Pods Manifest.lock */ = {
			isa = PBXShellScriptBuildPhase;
			buildActionMask = 2147483647;
			files = (
			);
			inputPaths = (
			);
			name = "[CP] Check Pods Manifest.lock";
			outputPaths = (
			);
			runOnlyForDeploymentPostprocessing = 0;
			shellPath = /bin/sh;
			shellScript = "diff \"${PODS_ROOT}/../Podfile.lock\" \"${PODS_ROOT}/Manifest.lock\" > /dev/null\nif [ $? != 0 ] ; then\n    # print error to STDERR\n    echo \"error: The sandbox is not in sync with the Podfile.lock. Run 'pod install' or update your CocoaPods installation.\" >&2\n    exit 1\nfi\n";
			showEnvVarsInLog = 0;
		};
		C9B9693515136E3863FFB836 /* [CP] Copy Pods Resources */ = {
			isa = PBXShellScriptBuildPhase;
			buildActionMask = 2147483647;
			files = (
			);
			inputPaths = (
			);
			name = "[CP] Copy Pods Resources";
			outputPaths = (
			);
			runOnlyForDeploymentPostprocessing = 0;
			shellPath = /bin/sh;
			shellScript = "\"${SRCROOT}/Pods/Target Support Files/Pods-Recept/Pods-Recept-resources.sh\"\n";
			showEnvVarsInLog = 0;
		};
		D5BAAEFE6DCD3B89BD7487B5 /* [CP] Copy Pods Resources */ = {
			isa = PBXShellScriptBuildPhase;
			buildActionMask = 2147483647;
			files = (
			);
			inputPaths = (
			);
			name = "[CP] Copy Pods Resources";
			outputPaths = (
			);
			runOnlyForDeploymentPostprocessing = 0;
			shellPath = /bin/sh;
			shellScript = "\"${SRCROOT}/Pods/Target Support Files/Pods-ReceptTests/Pods-ReceptTests-resources.sh\"\n";
			showEnvVarsInLog = 0;
		};
		FA3F35F590E33DBB60189E8F /* [CP] Embed Pods Frameworks */ = {
			isa = PBXShellScriptBuildPhase;
			buildActionMask = 2147483647;
			files = (
			);
			inputPaths = (
			);
			name = "[CP] Embed Pods Frameworks";
			outputPaths = (
			);
			runOnlyForDeploymentPostprocessing = 0;
			shellPath = /bin/sh;
			shellScript = "\"${SRCROOT}/Pods/Target Support Files/Pods-ReceptUITests/Pods-ReceptUITests-frameworks.sh\"\n";
			showEnvVarsInLog = 0;
		};
/* End PBXShellScriptBuildPhase section */

/* Begin PBXSourcesBuildPhase section */
		61F8CDD91E6DFD0D0003A598 /* Sources */ = {
			isa = PBXSourcesBuildPhase;
			buildActionMask = 2147483647;
			files = (
				61501D721E70081700A06230 /* SignUpController.swift in Sources */,
				61501D601E6FFF2800A06230 /* CoordinatorFactoryImp.swift in Sources */,
				61501D671E6FFFD100A06230 /* AuthCoordinatorOutput.swift in Sources */,
				61501D951E71FFD500A06230 /* PriceNotMatchController.swift in Sources */,
				61501D3A1E6EDA1D00A06230 /* Router.swift in Sources */,
				61501D791E70B8B800A06230 /* LoginCoordinator.swift in Sources */,
				61F8CDE31E6DFD0D0003A598 /* StartController.swift in Sources */,
				61501D211E6ED47500A06230 /* StoryboardsEnum.swift in Sources */,
				61501D591E6F4FF500A06230 /* StartView.swift in Sources */,
				61501D871E70C84700A06230 /* StartCoordinator.swift in Sources */,
				61501D5C1E6F7D4B00A06230 /* UserModel.swift in Sources */,
				61501D271E6ED96B00A06230 /* UIViewControllerExtension.swift in Sources */,
				61501D931E71FFC900A06230 /* PriceNotMatchOutput.swift in Sources */,
				61501D351E6ED9FA00A06230 /* Presentable.swift in Sources */,
				61501D851E70C67100A06230 /* StartModuleFactory.swift in Sources */,
				61F8CDE11E6DFD0D0003A598 /* AppDelegate.swift in Sources */,
				61501D6D1E70057200A06230 /* ModuleFactoryImp.swift in Sources */,
				61501D2F1E6ED9D400A06230 /* BaseCoordinator.swift in Sources */,
				61501D711E70081700A06230 /* LoginController.swift in Sources */,
				61501D281E6ED96B00A06230 /* UIViewExtensions.swift in Sources */,
				61501D7E1E70BC3E00A06230 /* SignUpCoordinator.swift in Sources */,
				61501D261E6ED96B00A06230 /* NSObjectExtensions.swift in Sources */,
				61501D691E6FFFE500A06230 /* LoginView.swift in Sources */,
				61501D6B1E6FFFEE00A06230 /* SignUpView.swift in Sources */,
				61501D891E70D1C000A06230 /* StartCoordinatorOutput.swift in Sources */,
				61501D3B1E6EDA1D00A06230 /* RouterImp.swift in Sources */,
				61501D971E72011600A06230 /* PriceNotMatchModuleFactory.swift in Sources */,
				61501D331E6ED9FA00A06230 /* BaseView.swift in Sources */,
				61501D7C1E70B9B700A06230 /* LoginModuleFactory.swift in Sources */,
				61501D801E70BC6600A06230 /* SignUpModuleFactory.swift in Sources */,
				61501D341E6ED9FA00A06230 /* Coordinator.swift in Sources */,
				61501D481E6F157500A06230 /* ApplicationCoordinator.swift in Sources */,
				61501D8F1E71FF9400A06230 /* PriceNotMatchCoordinator.swift in Sources */,
				61501D911E71FFA200A06230 /* PriceNotMatchView.swift in Sources */,
				61501D5F1E6FFF2800A06230 /* CoordinatorFactory.swift in Sources */,
			);
			runOnlyForDeploymentPostprocessing = 0;
		};
		61F8CDED1E6DFD0D0003A598 /* Sources */ = {
			isa = PBXSourcesBuildPhase;
			buildActionMask = 2147483647;
			files = (
				61F8CDF61E6DFD0D0003A598 /* ReceptTests.swift in Sources */,
			);
			runOnlyForDeploymentPostprocessing = 0;
		};
		61F8CDF81E6DFD0D0003A598 /* Sources */ = {
			isa = PBXSourcesBuildPhase;
			buildActionMask = 2147483647;
			files = (
				61F8CE011E6DFD0D0003A598 /* ReceptUITests.swift in Sources */,
			);
			runOnlyForDeploymentPostprocessing = 0;
		};
/* End PBXSourcesBuildPhase section */

/* Begin PBXTargetDependency section */
		61F8CDF31E6DFD0D0003A598 /* PBXTargetDependency */ = {
			isa = PBXTargetDependency;
			target = 61F8CDDC1E6DFD0D0003A598 /* Recept */;
			targetProxy = 61F8CDF21E6DFD0D0003A598 /* PBXContainerItemProxy */;
		};
		61F8CDFE1E6DFD0D0003A598 /* PBXTargetDependency */ = {
			isa = PBXTargetDependency;
			target = 61F8CDDC1E6DFD0D0003A598 /* Recept */;
			targetProxy = 61F8CDFD1E6DFD0D0003A598 /* PBXContainerItemProxy */;
		};
/* End PBXTargetDependency section */

/* Begin PBXVariantGroup section */
		61F8CDE41E6DFD0D0003A598 /* Main.storyboard */ = {
			isa = PBXVariantGroup;
			children = (
				61F8CDE51E6DFD0D0003A598 /* Base */,
			);
			name = Main.storyboard;
			sourceTree = "<group>";
		};
		61F8CDE91E6DFD0D0003A598 /* LaunchScreen.storyboard */ = {
			isa = PBXVariantGroup;
			children = (
				61F8CDEA1E6DFD0D0003A598 /* Base */,
			);
			name = LaunchScreen.storyboard;
			sourceTree = "<group>";
		};
/* End PBXVariantGroup section */

/* Begin XCBuildConfiguration section */
		61F8CE031E6DFD0D0003A598 /* Debug */ = {
			isa = XCBuildConfiguration;
			buildSettings = {
				ALWAYS_SEARCH_USER_PATHS = NO;
				CLANG_ANALYZER_NONNULL = YES;
				CLANG_CXX_LANGUAGE_STANDARD = "gnu++0x";
				CLANG_CXX_LIBRARY = "libc++";
				CLANG_ENABLE_MODULES = YES;
				CLANG_ENABLE_OBJC_ARC = YES;
				CLANG_WARN_BOOL_CONVERSION = YES;
				CLANG_WARN_CONSTANT_CONVERSION = YES;
				CLANG_WARN_DIRECT_OBJC_ISA_USAGE = YES_ERROR;
				CLANG_WARN_DOCUMENTATION_COMMENTS = YES;
				CLANG_WARN_EMPTY_BODY = YES;
				CLANG_WARN_ENUM_CONVERSION = YES;
				CLANG_WARN_INFINITE_RECURSION = YES;
				CLANG_WARN_INT_CONVERSION = YES;
				CLANG_WARN_OBJC_ROOT_CLASS = YES_ERROR;
				CLANG_WARN_SUSPICIOUS_MOVE = YES;
				CLANG_WARN_UNREACHABLE_CODE = YES;
				CLANG_WARN__DUPLICATE_METHOD_MATCH = YES;
				"CODE_SIGN_IDENTITY[sdk=iphoneos*]" = "iPhone Developer";
				COPY_PHASE_STRIP = NO;
				DEBUG_INFORMATION_FORMAT = dwarf;
				ENABLE_STRICT_OBJC_MSGSEND = YES;
				ENABLE_TESTABILITY = YES;
				GCC_C_LANGUAGE_STANDARD = gnu99;
				GCC_DYNAMIC_NO_PIC = NO;
				GCC_NO_COMMON_BLOCKS = YES;
				GCC_OPTIMIZATION_LEVEL = 0;
				GCC_PREPROCESSOR_DEFINITIONS = (
					"DEBUG=1",
					"$(inherited)",
				);
				GCC_WARN_64_TO_32_BIT_CONVERSION = YES;
				GCC_WARN_ABOUT_RETURN_TYPE = YES_ERROR;
				GCC_WARN_UNDECLARED_SELECTOR = YES;
				GCC_WARN_UNINITIALIZED_AUTOS = YES_AGGRESSIVE;
				GCC_WARN_UNUSED_FUNCTION = YES;
				GCC_WARN_UNUSED_VARIABLE = YES;
				IPHONEOS_DEPLOYMENT_TARGET = 10.2;
				MTL_ENABLE_DEBUG_INFO = YES;
				ONLY_ACTIVE_ARCH = YES;
				SDKROOT = iphoneos;
				SWIFT_ACTIVE_COMPILATION_CONDITIONS = DEBUG;
				SWIFT_OPTIMIZATION_LEVEL = "-Onone";
				TARGETED_DEVICE_FAMILY = "1,2";
			};
			name = Debug;
		};
		61F8CE041E6DFD0D0003A598 /* Release */ = {
			isa = XCBuildConfiguration;
			buildSettings = {
				ALWAYS_SEARCH_USER_PATHS = NO;
				CLANG_ANALYZER_NONNULL = YES;
				CLANG_CXX_LANGUAGE_STANDARD = "gnu++0x";
				CLANG_CXX_LIBRARY = "libc++";
				CLANG_ENABLE_MODULES = YES;
				CLANG_ENABLE_OBJC_ARC = YES;
				CLANG_WARN_BOOL_CONVERSION = YES;
				CLANG_WARN_CONSTANT_CONVERSION = YES;
				CLANG_WARN_DIRECT_OBJC_ISA_USAGE = YES_ERROR;
				CLANG_WARN_DOCUMENTATION_COMMENTS = YES;
				CLANG_WARN_EMPTY_BODY = YES;
				CLANG_WARN_ENUM_CONVERSION = YES;
				CLANG_WARN_INFINITE_RECURSION = YES;
				CLANG_WARN_INT_CONVERSION = YES;
				CLANG_WARN_OBJC_ROOT_CLASS = YES_ERROR;
				CLANG_WARN_SUSPICIOUS_MOVE = YES;
				CLANG_WARN_UNREACHABLE_CODE = YES;
				CLANG_WARN__DUPLICATE_METHOD_MATCH = YES;
				"CODE_SIGN_IDENTITY[sdk=iphoneos*]" = "iPhone Developer";
				COPY_PHASE_STRIP = NO;
				DEBUG_INFORMATION_FORMAT = "dwarf-with-dsym";
				ENABLE_NS_ASSERTIONS = NO;
				ENABLE_STRICT_OBJC_MSGSEND = YES;
				GCC_C_LANGUAGE_STANDARD = gnu99;
				GCC_NO_COMMON_BLOCKS = YES;
				GCC_WARN_64_TO_32_BIT_CONVERSION = YES;
				GCC_WARN_ABOUT_RETURN_TYPE = YES_ERROR;
				GCC_WARN_UNDECLARED_SELECTOR = YES;
				GCC_WARN_UNINITIALIZED_AUTOS = YES_AGGRESSIVE;
				GCC_WARN_UNUSED_FUNCTION = YES;
				GCC_WARN_UNUSED_VARIABLE = YES;
				IPHONEOS_DEPLOYMENT_TARGET = 10.2;
				MTL_ENABLE_DEBUG_INFO = NO;
				SDKROOT = iphoneos;
				SWIFT_OPTIMIZATION_LEVEL = "-Owholemodule";
				TARGETED_DEVICE_FAMILY = "1,2";
				VALIDATE_PRODUCT = YES;
			};
			name = Release;
		};
		61F8CE061E6DFD0D0003A598 /* Debug */ = {
			isa = XCBuildConfiguration;
			baseConfigurationReference = DDB7832FD70C2C3BF666204F /* Pods-Recept.debug.xcconfig */;
			buildSettings = {
				ASSETCATALOG_COMPILER_APPICON_NAME = AppIcon;
				GCC_PRECOMPILE_PREFIX_HEADER = NO;
				GCC_PREFIX_HEADER = "";
				INFOPLIST_FILE = "$(SRCROOT)/Recept/Resources/Info.plist";
				LD_RUNPATH_SEARCH_PATHS = "$(inherited) @executable_path/Frameworks";
				PRODUCT_BUNDLE_IDENTIFIER = com.dom.Recept;
				PRODUCT_NAME = "$(TARGET_NAME)";
				SWIFT_VERSION = 3.0;
			};
			name = Debug;
		};
		61F8CE071E6DFD0D0003A598 /* Release */ = {
			isa = XCBuildConfiguration;
			baseConfigurationReference = 77C7855479E83D26BC007662 /* Pods-Recept.release.xcconfig */;
			buildSettings = {
				ASSETCATALOG_COMPILER_APPICON_NAME = AppIcon;
				GCC_PRECOMPILE_PREFIX_HEADER = NO;
				GCC_PREFIX_HEADER = "";
				INFOPLIST_FILE = "$(SRCROOT)/Recept/Resources/Info.plist";
				LD_RUNPATH_SEARCH_PATHS = "$(inherited) @executable_path/Frameworks";
				PRODUCT_BUNDLE_IDENTIFIER = com.dom.Recept;
				PRODUCT_NAME = "$(TARGET_NAME)";
				SWIFT_VERSION = 3.0;
			};
			name = Release;
		};
		61F8CE091E6DFD0D0003A598 /* Debug */ = {
			isa = XCBuildConfiguration;
			baseConfigurationReference = 558E1DED908D4AC0180E0442 /* Pods-ReceptTests.debug.xcconfig */;
			buildSettings = {
				ALWAYS_EMBED_SWIFT_STANDARD_LIBRARIES = YES;
				BUNDLE_LOADER = "$(TEST_HOST)";
				INFOPLIST_FILE = ReceptTests/Info.plist;
				LD_RUNPATH_SEARCH_PATHS = "$(inherited) @executable_path/Frameworks @loader_path/Frameworks";
				PRODUCT_BUNDLE_IDENTIFIER = com.dom.ReceptTests;
				PRODUCT_NAME = "$(TARGET_NAME)";
				SWIFT_VERSION = 3.0;
				TEST_HOST = "$(BUILT_PRODUCTS_DIR)/Recept.app/Recept";
			};
			name = Debug;
		};
		61F8CE0A1E6DFD0D0003A598 /* Release */ = {
			isa = XCBuildConfiguration;
			baseConfigurationReference = F7864D526EACF4106C0EF393 /* Pods-ReceptTests.release.xcconfig */;
			buildSettings = {
				ALWAYS_EMBED_SWIFT_STANDARD_LIBRARIES = YES;
				BUNDLE_LOADER = "$(TEST_HOST)";
				INFOPLIST_FILE = ReceptTests/Info.plist;
				LD_RUNPATH_SEARCH_PATHS = "$(inherited) @executable_path/Frameworks @loader_path/Frameworks";
				PRODUCT_BUNDLE_IDENTIFIER = com.dom.ReceptTests;
				PRODUCT_NAME = "$(TARGET_NAME)";
				SWIFT_VERSION = 3.0;
				TEST_HOST = "$(BUILT_PRODUCTS_DIR)/Recept.app/Recept";
			};
			name = Release;
		};
		61F8CE0C1E6DFD0D0003A598 /* Debug */ = {
			isa = XCBuildConfiguration;
			baseConfigurationReference = F0214FEB1EAE754A1CA1762A /* Pods-ReceptUITests.debug.xcconfig */;
			buildSettings = {
				ALWAYS_EMBED_SWIFT_STANDARD_LIBRARIES = YES;
				INFOPLIST_FILE = ReceptUITests/Info.plist;
				LD_RUNPATH_SEARCH_PATHS = "$(inherited) @executable_path/Frameworks @loader_path/Frameworks";
				PRODUCT_BUNDLE_IDENTIFIER = com.dom.ReceptUITests;
				PRODUCT_NAME = "$(TARGET_NAME)";
				SWIFT_VERSION = 3.0;
				TEST_TARGET_NAME = Recept;
			};
			name = Debug;
		};
		61F8CE0D1E6DFD0D0003A598 /* Release */ = {
			isa = XCBuildConfiguration;
			baseConfigurationReference = 3E282DC6AE63387F699407DB /* Pods-ReceptUITests.release.xcconfig */;
			buildSettings = {
				ALWAYS_EMBED_SWIFT_STANDARD_LIBRARIES = YES;
				INFOPLIST_FILE = ReceptUITests/Info.plist;
				LD_RUNPATH_SEARCH_PATHS = "$(inherited) @executable_path/Frameworks @loader_path/Frameworks";
				PRODUCT_BUNDLE_IDENTIFIER = com.dom.ReceptUITests;
				PRODUCT_NAME = "$(TARGET_NAME)";
				SWIFT_VERSION = 3.0;
				TEST_TARGET_NAME = Recept;
			};
			name = Release;
		};
/* End XCBuildConfiguration section */

/* Begin XCConfigurationList section */
		61F8CDD81E6DFD0C0003A598 /* Build configuration list for PBXProject "Recept" */ = {
			isa = XCConfigurationList;
			buildConfigurations = (
				61F8CE031E6DFD0D0003A598 /* Debug */,
				61F8CE041E6DFD0D0003A598 /* Release */,
			);
			defaultConfigurationIsVisible = 0;
			defaultConfigurationName = Release;
		};
		61F8CE051E6DFD0D0003A598 /* Build configuration list for PBXNativeTarget "Recept" */ = {
			isa = XCConfigurationList;
			buildConfigurations = (
				61F8CE061E6DFD0D0003A598 /* Debug */,
				61F8CE071E6DFD0D0003A598 /* Release */,
			);
			defaultConfigurationIsVisible = 0;
			defaultConfigurationName = Release;
		};
		61F8CE081E6DFD0D0003A598 /* Build configuration list for PBXNativeTarget "ReceptTests" */ = {
			isa = XCConfigurationList;
			buildConfigurations = (
				61F8CE091E6DFD0D0003A598 /* Debug */,
				61F8CE0A1E6DFD0D0003A598 /* Release */,
			);
			defaultConfigurationIsVisible = 0;
			defaultConfigurationName = Release;
		};
		61F8CE0B1E6DFD0D0003A598 /* Build configuration list for PBXNativeTarget "ReceptUITests" */ = {
			isa = XCConfigurationList;
			buildConfigurations = (
				61F8CE0C1E6DFD0D0003A598 /* Debug */,
				61F8CE0D1E6DFD0D0003A598 /* Release */,
			);
			defaultConfigurationIsVisible = 0;
			defaultConfigurationName = Release;
		};
/* End XCConfigurationList section */
	};
	rootObject = 61F8CDD51E6DFD0C0003A598 /* Project object */;
}
